// !$*UTF8*$!
{
	archiveVersion = 1;
	classes = {
	};
	objectVersion = 46;
	objects = {

/* Begin PBXBuildFile section */
		6165AEAA1FB8485300FA657E /* main.m in Sources */ = {isa = PBXBuildFile; fileRef = 6165AEA91FB8485300FA657E /* main.m */; };
		6165AEAD1FB8485300FA657E /* AppDelegate.m in Sources */ = {isa = PBXBuildFile; fileRef = 6165AEAC1FB8485300FA657E /* AppDelegate.m */; };
		6165AEB01FB8485300FA657E /* ViewController.m in Sources */ = {isa = PBXBuildFile; fileRef = 6165AEAF1FB8485300FA657E /* ViewController.m */; };
		6165AEB31FB8485300FA657E /* Main.storyboard in Resources */ = {isa = PBXBuildFile; fileRef = 6165AEB11FB8485300FA657E /* Main.storyboard */; };
		6165AEB51FB8485300FA657E /* Assets.xcassets in Resources */ = {isa = PBXBuildFile; fileRef = 6165AEB41FB8485300FA657E /* Assets.xcassets */; };
		6165AEB81FB8485300FA657E /* LaunchScreen.storyboard in Resources */ = {isa = PBXBuildFile; fileRef = 6165AEB61FB8485300FA657E /* LaunchScreen.storyboard */; };
/* End PBXBuildFile section */

/* Begin PBXFileReference section */
		6165AEA51FB8485300FA657E /* DownloadImage.app */ = {isa = PBXFileReference; explicitFileType = wrapper.application; includeInIndex = 0; path = DownloadImage.app; sourceTree = BUILT_PRODUCTS_DIR; };
		6165AEA91FB8485300FA657E /* main.m */ = {isa = PBXFileReference; lastKnownFileType = sourcecode.c.objc; path = main.m; sourceTree = "<group>"; };
		6165AEAB1FB8485300FA657E /* AppDelegate.h */ = {isa = PBXFileReference; lastKnownFileType = sourcecode.c.h; path = AppDelegate.h; sourceTree = "<group>"; };
		6165AEAC1FB8485300FA657E /* AppDelegate.m */ = {isa = PBXFileReference; lastKnownFileType = sourcecode.c.objc; path = AppDelegate.m; sourceTree = "<group>"; };
		6165AEAE1FB8485300FA657E /* ViewController.h */ = {isa = PBXFileReference; lastKnownFileType = sourcecode.c.h; path = ViewController.h; sourceTree = "<group>"; };
		6165AEAF1FB8485300FA657E /* ViewController.m */ = {isa = PBXFileReference; lastKnownFileType = sourcecode.c.objc; path = ViewController.m; sourceTree = "<group>"; };
		6165AEB21FB8485300FA657E /* Base */ = {isa = PBXFileReference; lastKnownFileType = file.storyboard; name = Base; path = Base.lproj/Main.storyboard; sourceTree = "<group>"; };
		6165AEB41FB8485300FA657E /* Assets.xcassets */ = {isa = PBXFileReference; lastKnownFileType = folder.assetcatalog; path = Assets.xcassets; sourceTree = "<group>"; };
		6165AEB71FB8485300FA657E /* Base */ = {isa = PBXFileReference; lastKnownFileType = file.storyboard; name = Base; path = Base.lproj/LaunchScreen.storyboard; sourceTree = "<group>"; };
		6165AEB91FB8485300FA657E /* Info.plist */ = {isa = PBXFileReference; lastKnownFileType = text.plist.xml; path = Info.plist; sourceTree = "<group>"; };
/* End PBXFileReference section */

/* Begin PBXFrameworksBuildPhase section */
		6165AEA21FB8485300FA657E /* Frameworks */ = {
			isa = PBXFrameworksBuildPhase;
			buildActionMask = 2147483647;
			files = (
			);
			runOnlyForDeploymentPostprocessing = 0;
		};
/* End PBXFrameworksBuildPhase section */

/* Begin PBXGroup section */
		6165AE9C1FB8485300FA657E = {
			isa = PBXGroup;
			children = (
				6165AEA71FB8485300FA657E /* DownloadImage */,
				6165AEA61FB8485300FA657E /* Products */,
			);
			sourceTree = "<group>";
		};
		6165AEA61FB8485300FA657E /* Products */ = {
			isa = PBXGroup;
			children = (
				6165AEA51FB8485300FA657E /* DownloadImage.app */,
			);
			name = Products;
			sourceTree = "<group>";
		};
		6165AEA71FB8485300FA657E /* DownloadImage */ = {
			isa = PBXGroup;
			children = (
				6165AEAB1FB8485300FA657E /* AppDelegate.h */,
				6165AEAC1FB8485300FA657E /* AppDelegate.m */,
				6165AEAE1FB8485300FA657E /* ViewController.h */,
				6165AEAF1FB8485300FA657E /* ViewController.m */,
				6165AEB11FB8485300FA657E /* Main.storyboard */,
				6165AEB41FB8485300FA657E /* Assets.xcassets */,
				6165AEB61FB8485300FA657E /* LaunchScreen.storyboard */,
				6165AEB91FB8485300FA657E /* Info.plist */,
				6165AEA81FB8485300FA657E /* Supporting Files */,
			);
			path = DownloadImage;
			sourceTree = "<group>";
		};
		6165AEA81FB8485300FA657E /* Supporting Files */ = {
			isa = PBXGroup;
			children = (
				6165AEA91FB8485300FA657E /* main.m */,
			);
			name = "Supporting Files";
			sourceTree = "<group>";
		};
/* End PBXGroup section */

/* Begin PBXNativeTarget section */
		6165AEA41FB8485300FA657E /* DownloadImage */ = {
			isa = PBXNativeTarget;
			buildConfigurationList = 6165AEBC1FB8485300FA657E /* Build configuration list for PBXNativeTarget "DownloadImage" */;
			buildPhases = (
				6165AEA11FB8485300FA657E /* Sources */,
				6165AEA21FB8485300FA657E /* Frameworks */,
				6165AEA31FB8485300FA657E /* Resources */,
			);
			buildRules = (
			);
			dependencies = (
			);
			name = DownloadImage;
			productName = DownloadImage;
			productReference = 6165AEA51FB8485300FA657E /* DownloadImage.app */;
			productType = "com.apple.product-type.application";
		};
/* End PBXNativeTarget section */

/* Begin PBXProject section */
		6165AE9D1FB8485300FA657E /* Project object */ = {
			isa = PBXProject;
			attributes = {
				LastUpgradeCheck = 0830;
				ORGANIZATIONNAME = itcast;
				TargetAttributes = {
					6165AEA41FB8485300FA657E = {
						CreatedOnToolsVersion = 8.3.3;
						DevelopmentTeam = 69356RS9K8;
						ProvisioningStyle = Automatic;
					};
				};
			};
			buildConfigurationList = 6165AEA01FB8485300FA657E /* Build configuration list for PBXProject "DownloadImage" */;
			compatibilityVersion = "Xcode 3.2";
			developmentRegion = English;
			hasScannedForEncodings = 0;
			knownRegions = (
				en,
				Base,
			);
			mainGroup = 6165AE9C1FB8485300FA657E;
			productRefGroup = 6165AEA61FB8485300FA657E /* Products */;
			projectDirPath = "";
			projectRoot = "";
			targets = (
				6165AEA41FB8485300FA657E /* DownloadImage */,
			);
		};
/* End PBXProject section */

/* Begin PBXResourcesBuildPhase section */
		6165AEA31FB8485300FA657E /* Resources */ = {
			isa = PBXResourcesBuildPhase;
			buildActionMask = 2147483647;
			files = (
				6165AEB81FB8485300FA657E /* LaunchScreen.storyboard in Resources */,
				6165AEB51FB8485300FA657E /* Assets.xcassets in Resources */,
				6165AEB31FB8485300FA657E /* Main.storyboard in Resources */,
			);
			runOnlyForDeploymentPostprocessing = 0;
		};
/* End PBXResourcesBuildPhase section */

/* Begin PBXSourcesBuildPhase section */
		6165AEA11FB8485300FA657E /* Sources */ = {
			isa = PBXSourcesBuildPhase;
			buildActionMask = 2147483647;
			files = (
				6165AEB01FB8485300FA657E /* ViewController.m in Sources */,
				6165AEAD1FB8485300FA657E /* AppDelegate.m in Sources */,
				6165AEAA1FB8485300FA657E /* main.m in Sources */,
			);
			runOnlyForDeploymentPostprocessing = 0;
		};
/* End PBXSourcesBuildPhase section */

/* Begin PBXVariantGroup section */
		6165AEB11FB8485300FA657E /* Main.storyboard */ = {
			isa = PBXVariantGroup;
			children = (
				6165AEB21FB8485300FA657E /* Base */,
			);
			name = Main.storyboard;
			sourceTree = "<group>";
		};
		6165AEB61FB8485300FA657E /* LaunchScreen.storyboard */ = {
			isa = PBXVariantGroup;
			children = (
				6165AEB71FB8485300FA657E /* Base */,
			);
			name = LaunchScreen.storyboard;
			sourceTree = "<group>";
		};
/* End PBXVariantGroup section */

/* Begin XCBuildConfiguration section */
		6165AEBA1FB8485300FA657E /* Debug */ = {
			isa = XCBuildConfiguration;
			buildSettings = {
				ALWAYS_SEARCH_USER_PATHS = NO;
				CLANG_ANALYZER_NONNULL = YES;
				CLANG_ANALYZER_NUMBER_OBJECT_CONVERSION = YES_AGGRESSIVE;
				CLANG_CXX_LANGUAGE_STANDARD = "gnu++0x";
				CLANG_CXX_LIBRARY = "libc++";
				CLANG_ENABLE_MODULES = YES;
				CLANG_ENABLE_OBJC_ARC = YES;
				CLANG_WARN_BOOL_CONVERSION = YES;
				CLANG_WARN_CONSTANT_CONVERSION = YES;
				CLANG_WARN_DIRECT_OBJC_ISA_USAGE = YES_ERROR;
				CLANG_WARN_DOCUMENTATION_COMMENTS = YES;
				CLANG_WARN_EMPTY_BODY = YES;
				CLANG_WARN_ENUM_CONVERSION = YES;
				CLANG_WARN_INFINITE_RECURSION = YES;
				CLANG_WARN_INT_CONVERSION = YES;
				CLANG_WARN_OBJC_ROOT_CLASS = YES_ERROR;
				CLANG_WARN_SUSPICIOUS_MOVE = YES;
				CLANG_WARN_UNREACHABLE_CODE = YES;
				CLANG_WARN__DUPLICATE_METHOD_MATCH = YES;
				"CODE_SIGN_IDENTITY[sdk=iphoneos*]" = "iPhone Developer";
				COPY_PHASE_STRIP = NO;
				DEBUG_INFORMATION_FORMAT = dwarf;
				ENABLE_STRICT_OBJC_MSGSEND = YES;
				ENABLE_TESTABILITY = YES;
				GCC_C_LANGUAGE_STANDARD = gnu99;
				GCC_DYNAMIC_NO_PIC = NO;
				GCC_NO_COMMON_BLOCKS = YES;
				GCC_OPTIMIZATION_LEVEL = 0;
				GCC_PREPROCESSOR_DEFINITIONS = (
					"DEBUG=1",
					"$(inherited)",
				);
				GCC_WARN_64_TO_32_BIT_CONVERSION = YES;
				GCC_WARN_ABOUT_RETURN_TYPE = YES_ERROR;
				GCC_WARN_UNDECLARED_SELECTOR = YES;
				GCC_WARN_UNINITIALIZED_AUTOS = YES_AGGRESSIVE;
				GCC_WARN_UNUSED_FUNCTION = YES;
				GCC_WARN_UNUSED_VARIABLE = YES;
				IPHONEOS_DEPLOYMENT_TARGET = 10.3;
				MTL_ENABLE_DEBUG_INFO = YES;
				ONLY_ACTIVE_ARCH = YES;
				SDKROOT = iphoneos;
			};
			name = Debug;
		};
		6165AEBB1FB8485300FA657E /* Release */ = {
			isa = XCBuildConfiguration;
			buildSettings = {
				ALWAYS_SEARCH_USER_PATHS = NO;
				CLANG_ANALYZER_NONNULL = YES;
				CLANG_ANALYZER_NUMBER_OBJECT_CONVERSION = YES_AGGRESSIVE;
				CLANG_CXX_LANGUAGE_STANDARD = "gnu++0x";
				CLANG_CXX_LIBRARY = "libc++";
				CLANG_ENABLE_MODULES = YES;
				CLANG_ENABLE_OBJC_ARC = YES;
				CLANG_WARN_BOOL_CONVERSION = YES;
				CLANG_WARN_CONSTANT_CONVERSION = YES;
				CLANG_WARN_DIRECT_OBJC_ISA_USAGE = YES_ERROR;
				CLANG_WARN_DOCUMENTATION_COMMENTS = YES;
				CLANG_WARN_EMPTY_BODY = YES;
				CLANG_WARN_ENUM_CONVERSION = YES;
				CLANG_WARN_INFINITE_RECURSION = YES;
				CLANG_WARN_INT_CONVERSION = YES;
				CLANG_WARN_OBJC_ROOT_CLASS = YES_ERROR;
				CLANG_WARN_SUSPICIOUS_MOVE = YES;
				CLANG_WARN_UNREACHABLE_CODE = YES;
				CLANG_WARN__DUPLICATE_METHOD_MATCH = YES;
				"CODE_SIGN_IDENTITY[sdk=iphoneos*]" = "iPhone Developer";
				COPY_PHASE_STRIP = NO;
				DEBUG_INFORMATION_FORMAT = "dwarf-with-dsym";
				ENABLE_NS_ASSERTIONS = NO;
				ENABLE_STRICT_OBJC_MSGSEND = YES;
				GCC_C_LANGUAGE_STANDARD = gnu99;
				GCC_NO_COMMON_BLOCKS = YES;
				GCC_WARN_64_TO_32_BIT_CONVERSION = YES;
				GCC_WARN_ABOUT_RETURN_TYPE = YES_ERROR;
				GCC_WARN_UNDECLARED_SELECTOR = YES;
				GCC_WARN_UNINITIALIZED_AUTOS = YES_AGGRESSIVE;
				GCC_WARN_UNUSED_FUNCTION = YES;
				GCC_WARN_UNUSED_VARIABLE = YES;
				IPHONEOS_DEPLOYMENT_TARGET = 10.3;
				MTL_ENABLE_DEBUG_INFO = NO;
				SDKROOT = iphoneos;
				VALIDATE_PRODUCT = YES;
			};
			name = Release;
		};
		6165AEBD1FB8485300FA657E /* Debug */ = {
			isa = XCBuildConfiguration;
			buildSettings = {
				ASSETCATALOG_COMPILER_APPICON_NAME = AppIcon;
				DEVELOPMENT_TEAM = 69356RS9K8;
				INFOPLIST_FILE = DownloadImage/Info.plist;
				LD_RUNPATH_SEARCH_PATHS = "$(inherited) @executable_path/Frameworks";
				PRODUCT_BUNDLE_IDENTIFIER = com.itcast.DownloadImage;
				PRODUCT_NAME = "$(TARGET_NAME)";
			};
			name = Debug;
		};
		6165AEBE1FB8485300FA657E /* Release */ = {
			isa = XCBuildConfiguration;
			buildSettings = {
				ASSETCATALOG_COMPILER_APPICON_NAME = AppIcon;
				DEVELOPMENT_TEAM = 69356RS9K8;
				INFOPLIST_FILE = DownloadImage/Info.plist;
				LD_RUNPATH_SEARCH_PATHS = "$(inherited) @executable_path/Frameworks";
				PRODUCT_BUNDLE_IDENTIFIER = com.itcast.DownloadImage;
				PRODUCT_NAME = "$(TARGET_NAME)";
			};
			name = Release;
		};
/* End XCBuildConfiguration section */

/* Begin XCConfigurationList section */
		6165AEA01FB8485300FA657E /* Build configuration list for PBXProject "DownloadImage" */ = {
			isa = XCConfigurationList;
			buildConfigurations = (
				6165AEBA1FB8485300FA657E /* Debug */,
				6165AEBB1FB8485300FA657E /* Release */,
			);
			defaultConfigurationIsVisible = 0;
			defaultConfigurationName = Release;
		};
		6165AEBC1FB8485300FA657E /* Build configuration list for PBXNativeTarget "DownloadImage" */ = {
			isa = XCConfigurationList;
			buildConfigurations = (
				6165AEBD1FB8485300FA657E /* Debug */,
				6165AEBE1FB8485300FA657E /* Release */,
			);
			defaultConfigurationIsVisible = 0;
		};
/* End XCConfigurationList section */
	};
	rootObject = 6165AE9D1FB8485300FA657E /* Project object */;
}
